
Microsoft Visual Studio Solution File, Format Version 12.00
# Visual Studio 15
VisualStudioVersion = 15.0.28010.2041
MinimumVisualStudioVersion = 10.0.40219.1
Project("{FAE04EC0-301F-11D3-BF4B-00C04F79EFBC}") = "BellSupportSystem", "BellSupportSystem\BellSupportSystem.csproj", "{3F66DB79-9CF0-4276-BC1C-E02D7AC68377}"
EndProject
Project("{FAE04EC0-301F-11D3-BF4B-00C04F79EFBC}") = "BellSupportSystem.Tests", "BellSupportSystem.Tests\BellSupportSystem.Tests.csproj", "{C79467C7-973B-4606-B441-960312351778}"
EndProject
Global
	GlobalSection(SolutionConfigurationPlatforms) = preSolution
		Debug|Any CPU = Debug|Any CPU
		Release|Any CPU = Release|Any CPU
	EndGlobalSection
	GlobalSection(ProjectConfigurationPlatforms) = postSolution
		{3F66DB79-9CF0-4276-BC1C-E02D7AC68377}.Debug|Any CPU.ActiveCfg = Debug|Any CPU
		{3F66DB79-9CF0-4276-BC1C-E02D7AC68377}.Debug|Any CPU.Build.0 = Debug|Any CPU
		{3F66DB79-9CF0-4276-BC1C-E02D7AC68377}.Release|Any CPU.ActiveCfg = Release|Any CPU
		{3F66DB79-9CF0-4276-BC1C-E02D7AC68377}.Release|Any CPU.Build.0 = Release|Any CPU
		{C79467C7-973B-4606-B441-960312351778}.Debug|Any CPU.ActiveCfg = Debug|Any CPU
		{C79467C7-973B-4606-B441-960312351778}.Debug|Any CPU.Build.0 = Debug|Any CPU
		{C79467C7-973B-4606-B441-960312351778}.Release|Any CPU.ActiveCfg = Release|Any CPU
		{C79467C7-973B-4606-B441-960312351778}.Release|Any CPU.Build.0 = Release|Any CPU
	EndGlobalSection
	GlobalSection(SolutionProperties) = preSolution
		HideSolutionNode = FALSE
	EndGlobalSection
	GlobalSection(ExtensibilityGlobals) = postSolution
		SolutionGuid = {664593C0-0113-4CF9-8299-DE8A521A7327}
	EndGlobalSection
EndGlobal
